
Microsoft Visual Studio Solution File, Format Version 12.00
# Visual Studio Version 17
VisualStudioVersion = 17.12.35527.113
MinimumVisualStudioVersion = 10.0.40219.1
Project("{FAE04EC0-301F-11D3-BF4B-00C04F79EFBC}") = "BookCatalogApi", "BookCatalogApi.csproj", "{F51063A6-62E8-439B-B26C-CED048C34589}"
EndProject
Project("{FAE04EC0-301F-11D3-BF4B-00C04F79EFBC}") = "BookCatalogApiDomain", "..\BookCatalogApiDomain\BookCatalogApiDomain.csproj", "{1E7B03BA-5919-4DFB-92E6-F981CA969DE7}"
EndProject
Project("{FAE04EC0-301F-11D3-BF4B-00C04F79EFBC}") = "BookApplication", "..\BookApplication\BookApplication.csproj", "{AD1C543F-BFA3-4D16-B12D-EB729FC67D0B}"
EndProject
Project("{FAE04EC0-301F-11D3-BF4B-00C04F79EFBC}") = "BookInfrastructure", "..\BookInfrastructure\BookInfrastructure.csproj", "{6FD62CDA-C1DB-4E04-98A3-7E247E09565C}"
EndProject
Global
	GlobalSection(SolutionConfigurationPlatforms) = preSolution
		Debug|Any CPU = Debug|Any CPU
		Release|Any CPU = Release|Any CPU
	EndGlobalSection
	GlobalSection(ProjectConfigurationPlatforms) = postSolution
		{F51063A6-62E8-439B-B26C-CED048C34589}.Debug|Any CPU.ActiveCfg = Debug|Any CPU
		{F51063A6-62E8-439B-B26C-CED048C34589}.Debug|Any CPU.Build.0 = Debug|Any CPU
		{F51063A6-62E8-439B-B26C-CED048C34589}.Release|Any CPU.ActiveCfg = Release|Any CPU
		{F51063A6-62E8-439B-B26C-CED048C34589}.Release|Any CPU.Build.0 = Release|Any CPU
		{1E7B03BA-5919-4DFB-92E6-F981CA969DE7}.Debug|Any CPU.ActiveCfg = Debug|Any CPU
		{1E7B03BA-5919-4DFB-92E6-F981CA969DE7}.Debug|Any CPU.Build.0 = Debug|Any CPU
		{1E7B03BA-5919-4DFB-92E6-F981CA969DE7}.Release|Any CPU.ActiveCfg = Release|Any CPU
		{1E7B03BA-5919-4DFB-92E6-F981CA969DE7}.Release|Any CPU.Build.0 = Release|Any CPU
		{AD1C543F-BFA3-4D16-B12D-EB729FC67D0B}.Debug|Any CPU.ActiveCfg = Debug|Any CPU
		{AD1C543F-BFA3-4D16-B12D-EB729FC67D0B}.Debug|Any CPU.Build.0 = Debug|Any CPU
		{AD1C543F-BFA3-4D16-B12D-EB729FC67D0B}.Release|Any CPU.ActiveCfg = Release|Any CPU
		{AD1C543F-BFA3-4D16-B12D-EB729FC67D0B}.Release|Any CPU.Build.0 = Release|Any CPU
		{6FD62CDA-C1DB-4E04-98A3-7E247E09565C}.Debug|Any CPU.ActiveCfg = Debug|Any CPU
		{6FD62CDA-C1DB-4E04-98A3-7E247E09565C}.Debug|Any CPU.Build.0 = Debug|Any CPU
		{6FD62CDA-C1DB-4E04-98A3-7E247E09565C}.Release|Any CPU.ActiveCfg = Release|Any CPU
		{6FD62CDA-C1DB-4E04-98A3-7E247E09565C}.Release|Any CPU.Build.0 = Release|Any CPU
	EndGlobalSection
	GlobalSection(SolutionProperties) = preSolution
		HideSolutionNode = FALSE
	EndGlobalSection
	GlobalSection(ExtensibilityGlobals) = postSolution
		SolutionGuid = {7736C601-5703-403D-AD80-681099BB5076}
	EndGlobalSection
EndGlobal
